
Microsoft Visual Studio Solution File, Format Version 12.00
# Visual Studio Version 17
VisualStudioVersion = 17.5.33516.290
MinimumVisualStudioVersion = 10.0.40219.1
Project("{FAE04EC0-301F-11D3-BF4B-00C04F79EFBC}") = "MfilesDSS", "MfilesDSS\MfilesDSS.csproj", "{90D64D0B-8073-418A-A64A-1792657C3E70}"
EndProject
Global
	GlobalSection(SolutionConfigurationPlatforms) = preSolution
		Debug|Any CPU = Debug|Any CPU
		Release|Any CPU = Release|Any CPU
	EndGlobalSection
	GlobalSection(ProjectConfigurationPlatforms) = postSolution
		{90D64D0B-8073-418A-A64A-1792657C3E70}.Debug|Any CPU.ActiveCfg = Debug|Any CPU
		{90D64D0B-8073-418A-A64A-1792657C3E70}.Debug|Any CPU.Build.0 = Debug|Any CPU
		{90D64D0B-8073-418A-A64A-1792657C3E70}.Release|Any CPU.ActiveCfg = Release|Any CPU
		{90D64D0B-8073-418A-A64A-1792657C3E70}.Release|Any CPU.Build.0 = Release|Any CPU
	EndGlobalSection
	GlobalSection(SolutionProperties) = preSolution
		HideSolutionNode = FALSE
	EndGlobalSection
	GlobalSection(ExtensibilityGlobals) = postSolution
		SolutionGuid = {D2B3C445-4DA1-4971-B22C-F4C300208449}
	EndGlobalSection
EndGlobal
